// !$*UTF8*$!
{
	archiveVersion = 1;
	classes = {
	};
	objectVersion = 56;
	objects = {

/* Begin PBXBuildFile section */
		077469F72A59AD3200F65534 /* CenterViewTab.swift in Sources */ = {isa = PBXBuildFile; fileRef = 077469F62A59AD3200F65534 /* CenterViewTab.swift */; };
		077469F92A59AD5E00F65534 /* TabModel.swift in Sources */ = {isa = PBXBuildFile; fileRef = 077469F82A59AD5E00F65534 /* TabModel.swift */; };
		077469FC2A59B58200F65534 /* ScrollOffset.swift in Sources */ = {isa = PBXBuildFile; fileRef = 077469FB2A59B58200F65534 /* ScrollOffset.swift */; };
		07746A002A59B9A600F65534 /* LinearInterpolation.swift in Sources */ = {isa = PBXBuildFile; fileRef = 077469FF2A59B9A600F65534 /* LinearInterpolation.swift */; };
		07807F812A57890E002EF080 /* ImgBannerModel.swift in Sources */ = {isa = PBXBuildFile; fileRef = 07807F802A57890E002EF080 /* ImgBannerModel.swift */; };
		07807F832A585D8D002EF080 /* HeaderView.swift in Sources */ = {isa = PBXBuildFile; fileRef = 07807F822A585D8D002EF080 /* HeaderView.swift */; };
		078A8AA12A5783630058DC05 /* NaverWebtoonApp.swift in Sources */ = {isa = PBXBuildFile; fileRef = 078A8AA02A5783630058DC05 /* NaverWebtoonApp.swift */; };
		078A8AA32A5783630058DC05 /* ContentView.swift in Sources */ = {isa = PBXBuildFile; fileRef = 078A8AA22A5783630058DC05 /* ContentView.swift */; };
		078A8AA52A5783640058DC05 /* Assets.xcassets in Resources */ = {isa = PBXBuildFile; fileRef = 078A8AA42A5783640058DC05 /* Assets.xcassets */; };
		078A8AA82A5783640058DC05 /* Preview Assets.xcassets in Resources */ = {isa = PBXBuildFile; fileRef = 078A8AA72A5783640058DC05 /* Preview Assets.xcassets */; };
		078A8AB02A5784E70058DC05 /* MainView.swift in Sources */ = {isa = PBXBuildFile; fileRef = 078A8AAF2A5784E70058DC05 /* MainView.swift */; };
		07CBB36D2A5B10A800493D84 /* CenterView.swift in Sources */ = {isa = PBXBuildFile; fileRef = 07CBB36C2A5B10A800493D84 /* CenterView.swift */; };
/* End PBXBuildFile section */

/* Begin PBXFileReference section */
		077469F62A59AD3200F65534 /* CenterViewTab.swift */ = {isa = PBXFileReference; lastKnownFileType = sourcecode.swift; path = CenterViewTab.swift; sourceTree = "<group>"; };
		077469F82A59AD5E00F65534 /* TabModel.swift */ = {isa = PBXFileReference; lastKnownFileType = sourcecode.swift; path = TabModel.swift; sourceTree = "<group>"; };
		077469FB2A59B58200F65534 /* ScrollOffset.swift */ = {isa = PBXFileReference; lastKnownFileType = sourcecode.swift; path = ScrollOffset.swift; sourceTree = "<group>"; };
		077469FF2A59B9A600F65534 /* LinearInterpolation.swift */ = {isa = PBXFileReference; lastKnownFileType = sourcecode.swift; path = LinearInterpolation.swift; sourceTree = "<group>"; };
		07807F802A57890E002EF080 /* ImgBannerModel.swift */ = {isa = PBXFileReference; lastKnownFileType = sourcecode.swift; path = ImgBannerModel.swift; sourceTree = "<group>"; };
		07807F822A585D8D002EF080 /* HeaderView.swift */ = {isa = PBXFileReference; lastKnownFileType = sourcecode.swift; path = HeaderView.swift; sourceTree = "<group>"; };
		078A8A9D2A5783630058DC05 /* NaverWebtoon.app */ = {isa = PBXFileReference; explicitFileType = wrapper.application; includeInIndex = 0; path = NaverWebtoon.app; sourceTree = BUILT_PRODUCTS_DIR; };
		078A8AA02A5783630058DC05 /* NaverWebtoonApp.swift */ = {isa = PBXFileReference; lastKnownFileType = sourcecode.swift; path = NaverWebtoonApp.swift; sourceTree = "<group>"; };
		078A8AA22A5783630058DC05 /* ContentView.swift */ = {isa = PBXFileReference; lastKnownFileType = sourcecode.swift; path = ContentView.swift; sourceTree = "<group>"; };
		078A8AA42A5783640058DC05 /* Assets.xcassets */ = {isa = PBXFileReference; lastKnownFileType = folder.assetcatalog; path = Assets.xcassets; sourceTree = "<group>"; };
		078A8AA72A5783640058DC05 /* Preview Assets.xcassets */ = {isa = PBXFileReference; lastKnownFileType = folder.assetcatalog; path = "Preview Assets.xcassets"; sourceTree = "<group>"; };
		078A8AAF2A5784E70058DC05 /* MainView.swift */ = {isa = PBXFileReference; lastKnownFileType = sourcecode.swift; path = MainView.swift; sourceTree = "<group>"; };
		07CBB36C2A5B10A800493D84 /* CenterView.swift */ = {isa = PBXFileReference; lastKnownFileType = sourcecode.swift; path = CenterView.swift; sourceTree = "<group>"; };
/* End PBXFileReference section */

/* Begin PBXFrameworksBuildPhase section */
		078A8A9A2A5783630058DC05 /* Frameworks */ = {
			isa = PBXFrameworksBuildPhase;
			buildActionMask = 2147483647;
			files = (
			);
			runOnlyForDeploymentPostprocessing = 0;
		};
/* End PBXFrameworksBuildPhase section */

/* Begin PBXGroup section */
		077469FA2A59B56900F65534 /* ViewModel */ = {
			isa = PBXGroup;
			children = (
				077469FB2A59B58200F65534 /* ScrollOffset.swift */,
				077469FF2A59B9A600F65534 /* LinearInterpolation.swift */,
			);
			path = ViewModel;
			sourceTree = "<group>";
		};
		07807F7D2A578879002EF080 /* Model */ = {
			isa = PBXGroup;
			children = (
				07807F802A57890E002EF080 /* ImgBannerModel.swift */,
				077469F82A59AD5E00F65534 /* TabModel.swift */,
			);
			path = Model;
			sourceTree = "<group>";
		};
		078A8A942A5783630058DC05 = {
			isa = PBXGroup;
			children = (
				078A8A9F2A5783630058DC05 /* NaverWebtoon */,
				078A8A9E2A5783630058DC05 /* Products */,
			);
			sourceTree = "<group>";
		};
		078A8A9E2A5783630058DC05 /* Products */ = {
			isa = PBXGroup;
			children = (
				078A8A9D2A5783630058DC05 /* NaverWebtoon.app */,
			);
			name = Products;
			sourceTree = "<group>";
		};
		078A8A9F2A5783630058DC05 /* NaverWebtoon */ = {
			isa = PBXGroup;
			children = (
				077469FA2A59B56900F65534 /* ViewModel */,
				07807F7D2A578879002EF080 /* Model */,
				078A8AAE2A5784A30058DC05 /* Screens */,
				078A8AA02A5783630058DC05 /* NaverWebtoonApp.swift */,
				078A8AA22A5783630058DC05 /* ContentView.swift */,
				078A8AA42A5783640058DC05 /* Assets.xcassets */,
				078A8AA62A5783640058DC05 /* Preview Content */,
			);
			path = NaverWebtoon;
			sourceTree = "<group>";
		};
		078A8AA62A5783640058DC05 /* Preview Content */ = {
			isa = PBXGroup;
			children = (
				078A8AA72A5783640058DC05 /* Preview Assets.xcassets */,
			);
			path = "Preview Content";
			sourceTree = "<group>";
		};
		078A8AAE2A5784A30058DC05 /* Screens */ = {
			isa = PBXGroup;
			children = (
				078A8AAF2A5784E70058DC05 /* MainView.swift */,
				07807F822A585D8D002EF080 /* HeaderView.swift */,
				077469F62A59AD3200F65534 /* CenterViewTab.swift */,
				07CBB36C2A5B10A800493D84 /* CenterView.swift */,
			);
			path = Screens;
			sourceTree = "<group>";
		};
/* End PBXGroup section */

/* Begin PBXNativeTarget section */
		078A8A9C2A5783630058DC05 /* NaverWebtoon */ = {
			isa = PBXNativeTarget;
			buildConfigurationList = 078A8AAB2A5783640058DC05 /* Build configuration list for PBXNativeTarget "NaverWebtoon" */;
			buildPhases = (
				078A8A992A5783630058DC05 /* Sources */,
				078A8A9A2A5783630058DC05 /* Frameworks */,
				078A8A9B2A5783630058DC05 /* Resources */,
			);
			buildRules = (
			);
			dependencies = (
			);
			name = NaverWebtoon;
			productName = NaverWebtoon;
			productReference = 078A8A9D2A5783630058DC05 /* NaverWebtoon.app */;
			productType = "com.apple.product-type.application";
		};
/* End PBXNativeTarget section */

/* Begin PBXProject section */
		078A8A952A5783630058DC05 /* Project object */ = {
			isa = PBXProject;
			attributes = {
				BuildIndependentTargetsInParallel = 1;
				LastSwiftUpdateCheck = 1430;
				LastUpgradeCheck = 1430;
				TargetAttributes = {
					078A8A9C2A5783630058DC05 = {
						CreatedOnToolsVersion = 14.3.1;
					};
				};
			};
			buildConfigurationList = 078A8A982A5783630058DC05 /* Build configuration list for PBXProject "NaverWebtoon" */;
			compatibilityVersion = "Xcode 14.0";
			developmentRegion = en;
			hasScannedForEncodings = 0;
			knownRegions = (
				en,
				Base,
			);
			mainGroup = 078A8A942A5783630058DC05;
			productRefGroup = 078A8A9E2A5783630058DC05 /* Products */;
			projectDirPath = "";
			projectRoot = "";
			targets = (
				078A8A9C2A5783630058DC05 /* NaverWebtoon */,
			);
		};
/* End PBXProject section */

/* Begin PBXResourcesBuildPhase section */
		078A8A9B2A5783630058DC05 /* Resources */ = {
			isa = PBXResourcesBuildPhase;
			buildActionMask = 2147483647;
			files = (
				078A8AA82A5783640058DC05 /* Preview Assets.xcassets in Resources */,
				078A8AA52A5783640058DC05 /* Assets.xcassets in Resources */,
			);
			runOnlyForDeploymentPostprocessing = 0;
		};
/* End PBXResourcesBuildPhase section */

/* Begin PBXSourcesBuildPhase section */
		078A8A992A5783630058DC05 /* Sources */ = {
			isa = PBXSourcesBuildPhase;
			buildActionMask = 2147483647;
			files = (
				07807F832A585D8D002EF080 /* HeaderView.swift in Sources */,
				07CBB36D2A5B10A800493D84 /* CenterView.swift in Sources */,
				077469F72A59AD3200F65534 /* CenterViewTab.swift in Sources */,
				078A8AA32A5783630058DC05 /* ContentView.swift in Sources */,
				077469FC2A59B58200F65534 /* ScrollOffset.swift in Sources */,
				078A8AB02A5784E70058DC05 /* MainView.swift in Sources */,
				078A8AA12A5783630058DC05 /* NaverWebtoonApp.swift in Sources */,
				077469F92A59AD5E00F65534 /* TabModel.swift in Sources */,
				07807F812A57890E002EF080 /* ImgBannerModel.swift in Sources */,
				07746A002A59B9A600F65534 /* LinearInterpolation.swift in Sources */,
			);
			runOnlyForDeploymentPostprocessing = 0;
		};
/* End PBXSourcesBuildPhase section */

/* Begin XCBuildConfiguration section */
		078A8AA92A5783640058DC05 /* Debug */ = {
			isa = XCBuildConfiguration;
			buildSettings = {
				ALWAYS_SEARCH_USER_PATHS = NO;
				CLANG_ANALYZER_NONNULL = YES;
				CLANG_ANALYZER_NUMBER_OBJECT_CONVERSION = YES_AGGRESSIVE;
				CLANG_CXX_LANGUAGE_STANDARD = "gnu++20";
				CLANG_ENABLE_MODULES = YES;
				CLANG_ENABLE_OBJC_ARC = YES;
				CLANG_ENABLE_OBJC_WEAK = YES;
				CLANG_WARN_BLOCK_CAPTURE_AUTORELEASING = YES;
				CLANG_WARN_BOOL_CONVERSION = YES;
				CLANG_WARN_COMMA = YES;
				CLANG_WARN_CONSTANT_CONVERSION = YES;
				CLANG_WARN_DEPRECATED_OBJC_IMPLEMENTATIONS = YES;
				CLANG_WARN_DIRECT_OBJC_ISA_USAGE = YES_ERROR;
				CLANG_WARN_DOCUMENTATION_COMMENTS = YES;
				CLANG_WARN_EMPTY_BODY = YES;
				CLANG_WARN_ENUM_CONVERSION = YES;
				CLANG_WARN_INFINITE_RECURSION = YES;
				CLANG_WARN_INT_CONVERSION = YES;
				CLANG_WARN_NON_LITERAL_NULL_CONVERSION = YES;
				CLANG_WARN_OBJC_IMPLICIT_RETAIN_SELF = YES;
				CLANG_WARN_OBJC_LITERAL_CONVERSION = YES;
				CLANG_WARN_OBJC_ROOT_CLASS = YES_ERROR;
				CLANG_WARN_QUOTED_INCLUDE_IN_FRAMEWORK_HEADER = YES;
				CLANG_WARN_RANGE_LOOP_ANALYSIS = YES;
				CLANG_WARN_STRICT_PROTOTYPES = YES;
				CLANG_WARN_SUSPICIOUS_MOVE = YES;
				CLANG_WARN_UNGUARDED_AVAILABILITY = YES_AGGRESSIVE;
				CLANG_WARN_UNREACHABLE_CODE = YES;
				CLANG_WARN__DUPLICATE_METHOD_MATCH = YES;
				CODE_SIGN_IDENTITY = "Apple Development";
				COPY_PHASE_STRIP = NO;
				DEBUG_INFORMATION_FORMAT = dwarf;
				ENABLE_STRICT_OBJC_MSGSEND = YES;
				ENABLE_TESTABILITY = YES;
				GCC_C_LANGUAGE_STANDARD = gnu11;
				GCC_DYNAMIC_NO_PIC = NO;
				GCC_NO_COMMON_BLOCKS = YES;
				GCC_OPTIMIZATION_LEVEL = 0;
				GCC_PREPROCESSOR_DEFINITIONS = (
					"DEBUG=1",
					"$(inherited)",
				);
				GCC_WARN_64_TO_32_BIT_CONVERSION = YES;
				GCC_WARN_ABOUT_RETURN_TYPE = YES_ERROR;
				GCC_WARN_UNDECLARED_SELECTOR = YES;
				GCC_WARN_UNINITIALIZED_AUTOS = YES_AGGRESSIVE;
				GCC_WARN_UNUSED_FUNCTION = YES;
				GCC_WARN_UNUSED_VARIABLE = YES;
				IPHONEOS_DEPLOYMENT_TARGET = 16.4;
				MTL_ENABLE_DEBUG_INFO = INCLUDE_SOURCE;
				MTL_FAST_MATH = YES;
				ONLY_ACTIVE_ARCH = YES;
				SDKROOT = iphoneos;
				SWIFT_ACTIVE_COMPILATION_CONDITIONS = DEBUG;
				SWIFT_OPTIMIZATION_LEVEL = "-Onone";
			};
			name = Debug;
		};
		078A8AAA2A5783640058DC05 /* Release */ = {
			isa = XCBuildConfiguration;
			buildSettings = {
				ALWAYS_SEARCH_USER_PATHS = NO;
				CLANG_ANALYZER_NONNULL = YES;
				CLANG_ANALYZER_NUMBER_OBJECT_CONVERSION = YES_AGGRESSIVE;
				CLANG_CXX_LANGUAGE_STANDARD = "gnu++20";
				CLANG_ENABLE_MODULES = YES;
				CLANG_ENABLE_OBJC_ARC = YES;
				CLANG_ENABLE_OBJC_WEAK = YES;
				CLANG_WARN_BLOCK_CAPTURE_AUTORELEASING = YES;
				CLANG_WARN_BOOL_CONVERSION = YES;
				CLANG_WARN_COMMA = YES;
				CLANG_WARN_CONSTANT_CONVERSION = YES;
				CLANG_WARN_DEPRECATED_OBJC_IMPLEMENTATIONS = YES;
				CLANG_WARN_DIRECT_OBJC_ISA_USAGE = YES_ERROR;
				CLANG_WARN_DOCUMENTATION_COMMENTS = YES;
				CLANG_WARN_EMPTY_BODY = YES;
				CLANG_WARN_ENUM_CONVERSION = YES;
				CLANG_WARN_INFINITE_RECURSION = YES;
				CLANG_WARN_INT_CONVERSION = YES;
				CLANG_WARN_NON_LITERAL_NULL_CONVERSION = YES;
				CLANG_WARN_OBJC_IMPLICIT_RETAIN_SELF = YES;
				CLANG_WARN_OBJC_LITERAL_CONVERSION = YES;
				CLANG_WARN_OBJC_ROOT_CLASS = YES_ERROR;
				CLANG_WARN_QUOTED_INCLUDE_IN_FRAMEWORK_HEADER = YES;
				CLANG_WARN_RANGE_LOOP_ANALYSIS = YES;
				CLANG_WARN_STRICT_PROTOTYPES = YES;
				CLANG_WARN_SUSPICIOUS_MOVE = YES;
				CLANG_WARN_UNGUARDED_AVAILABILITY = YES_AGGRESSIVE;
				CLANG_WARN_UNREACHABLE_CODE = YES;
				CLANG_WARN__DUPLICATE_METHOD_MATCH = YES;
				CODE_SIGN_IDENTITY = "Apple Development";
				COPY_PHASE_STRIP = NO;
				DEBUG_INFORMATION_FORMAT = "dwarf-with-dsym";
				ENABLE_NS_ASSERTIONS = NO;
				ENABLE_STRICT_OBJC_MSGSEND = YES;
				GCC_C_LANGUAGE_STANDARD = gnu11;
				GCC_NO_COMMON_BLOCKS = YES;
				GCC_WARN_64_TO_32_BIT_CONVERSION = YES;
				GCC_WARN_ABOUT_RETURN_TYPE = YES_ERROR;
				GCC_WARN_UNDECLARED_SELECTOR = YES;
				GCC_WARN_UNINITIALIZED_AUTOS = YES_AGGRESSIVE;
				GCC_WARN_UNUSED_FUNCTION = YES;
				GCC_WARN_UNUSED_VARIABLE = YES;
				IPHONEOS_DEPLOYMENT_TARGET = 16.4;
				MTL_ENABLE_DEBUG_INFO = NO;
				MTL_FAST_MATH = YES;
				SDKROOT = iphoneos;
				SWIFT_COMPILATION_MODE = wholemodule;
				SWIFT_OPTIMIZATION_LEVEL = "-O";
				VALIDATE_PRODUCT = YES;
			};
			name = Release;
		};
		078A8AAC2A5783640058DC05 /* Debug */ = {
			isa = XCBuildConfiguration;
			buildSettings = {
				ASSETCATALOG_COMPILER_APPICON_NAME = AppIcon;
				ASSETCATALOG_COMPILER_GLOBAL_ACCENT_COLOR_NAME = AccentColor;
				CODE_SIGN_IDENTITY = "Apple Development";
				CODE_SIGN_STYLE = Automatic;
				CURRENT_PROJECT_VERSION = 1;
				DEVELOPMENT_ASSET_PATHS = "\"NaverWebtoon/Preview Content\"";
				DEVELOPMENT_TEAM = WF2V4JB29M;
				ENABLE_PREVIEWS = YES;
				GENERATE_INFOPLIST_FILE = YES;
				INFOPLIST_KEY_UIApplicationSceneManifest_Generation = YES;
				INFOPLIST_KEY_UIApplicationSupportsIndirectInputEvents = YES;
				INFOPLIST_KEY_UILaunchScreen_Generation = YES;
				INFOPLIST_KEY_UISupportedInterfaceOrientations_iPad = "UIInterfaceOrientationPortrait UIInterfaceOrientationPortraitUpsideDown UIInterfaceOrientationLandscapeLeft UIInterfaceOrientationLandscapeRight";
				INFOPLIST_KEY_UISupportedInterfaceOrientations_iPhone = "UIInterfaceOrientationPortrait UIInterfaceOrientationLandscapeLeft UIInterfaceOrientationLandscapeRight";
				LD_RUNPATH_SEARCH_PATHS = (
					"$(inherited)",
					"@executable_path/Frameworks",
				);
				MARKETING_VERSION = 1.0;
				PRODUCT_BUNDLE_IDENTIFIER = Pos.AcademyStudent.Bulmang.NaverWebtoon;
				PRODUCT_NAME = "$(TARGET_NAME)";
				PROVISIONING_PROFILE_SPECIFIER = "";
				SWIFT_EMIT_LOC_STRINGS = YES;
				SWIFT_VERSION = 5.0;
				TARGETED_DEVICE_FAMILY = "1,2";
			};
			name = Debug;
		};
		078A8AAD2A5783640058DC05 /* Release */ = {
			isa = XCBuildConfiguration;
			buildSettings = {
				ASSETCATALOG_COMPILER_APPICON_NAME = AppIcon;
				ASSETCATALOG_COMPILER_GLOBAL_ACCENT_COLOR_NAME = AccentColor;
				CODE_SIGN_IDENTITY = "Apple Development";
				CODE_SIGN_STYLE = Automatic;
				CURRENT_PROJECT_VERSION = 1;
				DEVELOPMENT_ASSET_PATHS = "\"NaverWebtoon/Preview Content\"";
				DEVELOPMENT_TEAM = WF2V4JB29M;
				ENABLE_PREVIEWS = YES;
				GENERATE_INFOPLIST_FILE = YES;
				INFOPLIST_KEY_UIApplicationSceneManifest_Generation = YES;
				INFOPLIST_KEY_UIApplicationSupportsIndirectInputEvents = YES;
				INFOPLIST_KEY_UILaunchScreen_Generation = YES;
				INFOPLIST_KEY_UISupportedInterfaceOrientations_iPad = "UIInterfaceOrientationPortrait UIInterfaceOrientationPortraitUpsideDown UIInterfaceOrientationLandscapeLeft UIInterfaceOrientationLandscapeRight";
				INFOPLIST_KEY_UISupportedInterfaceOrientations_iPhone = "UIInterfaceOrientationPortrait UIInterfaceOrientationLandscapeLeft UIInterfaceOrientationLandscapeRight";
				LD_RUNPATH_SEARCH_PATHS = (
					"$(inherited)",
					"@executable_path/Frameworks",
				);
				MARKETING_VERSION = 1.0;
				PRODUCT_BUNDLE_IDENTIFIER = Pos.AcademyStudent.Bulmang.NaverWebtoon;
				PRODUCT_NAME = "$(TARGET_NAME)";
				PROVISIONING_PROFILE_SPECIFIER = "";
				SWIFT_EMIT_LOC_STRINGS = YES;
				SWIFT_VERSION = 5.0;
				TARGETED_DEVICE_FAMILY = "1,2";
			};
			name = Release;
		};
/* End XCBuildConfiguration section */

/* Begin XCConfigurationList section */
		078A8A982A5783630058DC05 /* Build configuration list for PBXProject "NaverWebtoon" */ = {
			isa = XCConfigurationList;
			buildConfigurations = (
				078A8AA92A5783640058DC05 /* Debug */,
				078A8AAA2A5783640058DC05 /* Release */,
			);
			defaultConfigurationIsVisible = 0;
			defaultConfigurationName = Release;
		};
		078A8AAB2A5783640058DC05 /* Build configuration list for PBXNativeTarget "NaverWebtoon" */ = {
			isa = XCConfigurationList;
			buildConfigurations = (
				078A8AAC2A5783640058DC05 /* Debug */,
				078A8AAD2A5783640058DC05 /* Release */,
			);
			defaultConfigurationIsVisible = 0;
			defaultConfigurationName = Release;
		};
/* End XCConfigurationList section */
	};
	rootObject = 078A8A952A5783630058DC05 /* Project object */;
}
